
Microsoft Visual Studio Solution File, Format Version 12.00
# Visual Studio 15
VisualStudioVersion = 15.0.28307.329
MinimumVisualStudioVersion = 10.0.40219.1
Project("{FAE04EC0-301F-11D3-BF4B-00C04F79EFBC}") = "AudioDevices", "AudioDevices\AudioDevices.csproj", "{78ADAD6F-E09D-4406-AD31-7553F1B00118}"
EndProject
Global
	GlobalSection(SolutionConfigurationPlatforms) = preSolution
		Debug|Any CPU = Debug|Any CPU
		Release|Any CPU = Release|Any CPU
	EndGlobalSection
	GlobalSection(ProjectConfigurationPlatforms) = postSolution
		{78ADAD6F-E09D-4406-AD31-7553F1B00118}.Debug|Any CPU.ActiveCfg = Debug|Any CPU
		{78ADAD6F-E09D-4406-AD31-7553F1B00118}.Debug|Any CPU.Build.0 = Debug|Any CPU
		{78ADAD6F-E09D-4406-AD31-7553F1B00118}.Release|Any CPU.ActiveCfg = Release|Any CPU
		{78ADAD6F-E09D-4406-AD31-7553F1B00118}.Release|Any CPU.Build.0 = Release|Any CPU
	EndGlobalSection
	GlobalSection(SolutionProperties) = preSolution
		HideSolutionNode = FALSE
	EndGlobalSection
	GlobalSection(ExtensibilityGlobals) = postSolution
		SolutionGuid = {C5648CF0-C252-49B2-B179-450B6D7D3F58}
	EndGlobalSection
EndGlobal
